
Microsoft Visual Studio Solution File, Format Version 12.00
# Visual Studio 15
VisualStudioVersion = 15.0.26430.16
MinimumVisualStudioVersion = 10.0.40219.1
Project("{FAE04EC0-301F-11D3-BF4B-00C04F79EFBC}") = "TouchAndImages.Android", "TouchAndImages\TouchAndImages.Android\TouchAndImages.Android.csproj", "{5DE2A2B4-9F79-400C-B211-4CD9DE568BF1}"
EndProject
Project("{FAE04EC0-301F-11D3-BF4B-00C04F79EFBC}") = "TouchAndImages", "TouchAndImages\TouchAndImages\TouchAndImages.csproj", "{03513CA5-1755-4894-8D67-DEC08BF922EB}"
EndProject
Project("{FAE04EC0-301F-11D3-BF4B-00C04F79EFBC}") = "TouchAndImages.UWP", "TouchAndImages\TouchAndImages.UWP\TouchAndImages.UWP.csproj", "{E2A0C7B1-4D9D-4FDB-AF68-0F861E81F703}"
EndProject
Project("{FAE04EC0-301F-11D3-BF4B-00C04F79EFBC}") = "TouchAndImages.iOS", "TouchAndImages\TouchAndImages.iOS\TouchAndImages.iOS.csproj", "{586741DE-AAFE-4868-B8FE-9ED571A489AE}"
EndProject
Global
	GlobalSection(SolutionConfigurationPlatforms) = preSolution
		Ad-Hoc|Any CPU = Ad-Hoc|Any CPU
		Ad-Hoc|ARM = Ad-Hoc|ARM
		Ad-Hoc|iPhone = Ad-Hoc|iPhone
		Ad-Hoc|iPhoneSimulator = Ad-Hoc|iPhoneSimulator
		Ad-Hoc|x64 = Ad-Hoc|x64
		Ad-Hoc|x86 = Ad-Hoc|x86
		AppStore|Any CPU = AppStore|Any CPU
		AppStore|ARM = AppStore|ARM
		AppStore|iPhone = AppStore|iPhone
		AppStore|iPhoneSimulator = AppStore|iPhoneSimulator
		AppStore|x64 = AppStore|x64
		AppStore|x86 = AppStore|x86
		Debug|Any CPU = Debug|Any CPU
		Debug|ARM = Debug|ARM
		Debug|iPhone = Debug|iPhone
		Debug|iPhoneSimulator = Debug|iPhoneSimulator
		Debug|x64 = Debug|x64
		Debug|x86 = Debug|x86
		Release|Any CPU = Release|Any CPU
		Release|ARM = Release|ARM
		Release|iPhone = Release|iPhone
		Release|iPhoneSimulator = Release|iPhoneSimulator
		Release|x64 = Release|x64
		Release|x86 = Release|x86
	EndGlobalSection
	GlobalSection(ProjectConfigurationPlatforms) = postSolution
		{5DE2A2B4-9F79-400C-B211-4CD9DE568BF1}.Ad-Hoc|Any CPU.ActiveCfg = Release|Any CPU
		{5DE2A2B4-9F79-400C-B211-4CD9DE568BF1}.Ad-Hoc|Any CPU.Build.0 = Release|Any CPU
		{5DE2A2B4-9F79-400C-B211-4CD9DE568BF1}.Ad-Hoc|Any CPU.Deploy.0 = Release|Any CPU
		{5DE2A2B4-9F79-400C-B211-4CD9DE568BF1}.Ad-Hoc|ARM.ActiveCfg = Release|Any CPU
		{5DE2A2B4-9F79-400C-B211-4CD9DE568BF1}.Ad-Hoc|ARM.Build.0 = Release|Any CPU
		{5DE2A2B4-9F79-400C-B211-4CD9DE568BF1}.Ad-Hoc|ARM.Deploy.0 = Release|Any CPU
		{5DE2A2B4-9F79-400C-B211-4CD9DE568BF1}.Ad-Hoc|iPhone.ActiveCfg = Release|Any CPU
		{5DE2A2B4-9F79-400C-B211-4CD9DE568BF1}.Ad-Hoc|iPhone.Build.0 = Release|Any CPU
		{5DE2A2B4-9F79-400C-B211-4CD9DE568BF1}.Ad-Hoc|iPhone.Deploy.0 = Release|Any CPU
		{5DE2A2B4-9F79-400C-B211-4CD9DE568BF1}.Ad-Hoc|iPhoneSimulator.ActiveCfg = Release|Any CPU
		{5DE2A2B4-9F79-400C-B211-4CD9DE568BF1}.Ad-Hoc|iPhoneSimulator.Build.0 = Release|Any CPU
		{5DE2A2B4-9F79-400C-B211-4CD9DE568BF1}.Ad-Hoc|iPhoneSimulator.Deploy.0 = Release|Any CPU
		{5DE2A2B4-9F79-400C-B211-4CD9DE568BF1}.Ad-Hoc|x64.ActiveCfg = Release|Any CPU
		{5DE2A2B4-9F79-400C-B211-4CD9DE568BF1}.Ad-Hoc|x64.Build.0 = Release|Any CPU
		{5DE2A2B4-9F79-400C-B211-4CD9DE568BF1}.Ad-Hoc|x64.Deploy.0 = Release|Any CPU
		{5DE2A2B4-9F79-400C-B211-4CD9DE568BF1}.Ad-Hoc|x86.ActiveCfg = Release|Any CPU
		{5DE2A2B4-9F79-400C-B211-4CD9DE568BF1}.Ad-Hoc|x86.Build.0 = Release|Any CPU
		{5DE2A2B4-9F79-400C-B211-4CD9DE568BF1}.Ad-Hoc|x86.Deploy.0 = Release|Any CPU
		{5DE2A2B4-9F79-400C-B211-4CD9DE568BF1}.AppStore|Any CPU.ActiveCfg = Release|Any CPU
		{5DE2A2B4-9F79-400C-B211-4CD9DE568BF1}.AppStore|Any CPU.Build.0 = Release|Any CPU
		{5DE2A2B4-9F79-400C-B211-4CD9DE568BF1}.AppStore|Any CPU.Deploy.0 = Release|Any CPU
		{5DE2A2B4-9F79-400C-B211-4CD9DE568BF1}.AppStore|ARM.ActiveCfg = Release|Any CPU
		{5DE2A2B4-9F79-400C-B211-4CD9DE568BF1}.AppStore|ARM.Build.0 = Release|Any CPU
		{5DE2A2B4-9F79-400C-B211-4CD9DE568BF1}.AppStore|ARM.Deploy.0 = Release|Any CPU
		{5DE2A2B4-9F79-400C-B211-4CD9DE568BF1}.AppStore|iPhone.ActiveCfg = Release|Any CPU
		{5DE2A2B4-9F79-400C-B211-4CD9DE568BF1}.AppStore|iPhone.Build.0 = Release|Any CPU
		{5DE2A2B4-9F79-400C-B211-4CD9DE568BF1}.AppStore|iPhone.Deploy.0 = Release|Any CPU
		{5DE2A2B4-9F79-400C-B211-4CD9DE568BF1}.AppStore|iPhoneSimulator.ActiveCfg = Release|Any CPU
		{5DE2A2B4-9F79-400C-B211-4CD9DE568BF1}.AppStore|iPhoneSimulator.Build.0 = Release|Any CPU
		{5DE2A2B4-9F79-400C-B211-4CD9DE568BF1}.AppStore|iPhoneSimulator.Deploy.0 = Release|Any CPU
		{5DE2A2B4-9F79-400C-B211-4CD9DE568BF1}.AppStore|x64.ActiveCfg = Release|Any CPU
		{5DE2A2B4-9F79-400C-B211-4CD9DE568BF1}.AppStore|x64.Build.0 = Release|Any CPU
		{5DE2A2B4-9F79-400C-B211-4CD9DE568BF1}.AppStore|x64.Deploy.0 = Release|Any CPU
		{5DE2A2B4-9F79-400C-B211-4CD9DE568BF1}.AppStore|x86.ActiveCfg = Release|Any CPU
		{5DE2A2B4-9F79-400C-B211-4CD9DE568BF1}.AppStore|x86.Build.0 = Release|Any CPU
		{5DE2A2B4-9F79-400C-B211-4CD9DE568BF1}.AppStore|x86.Deploy.0 = Release|Any CPU
		{5DE2A2B4-9F79-400C-B211-4CD9DE568BF1}.Debug|Any CPU.ActiveCfg = Debug|Any CPU
		{5DE2A2B4-9F79-400C-B211-4CD9DE568BF1}.Debug|Any CPU.Build.0 = Debug|Any CPU
		{5DE2A2B4-9F79-400C-B211-4CD9DE568BF1}.Debug|Any CPU.Deploy.0 = Debug|Any CPU
		{5DE2A2B4-9F79-400C-B211-4CD9DE568BF1}.Debug|ARM.ActiveCfg = Debug|Any CPU
		{5DE2A2B4-9F79-400C-B211-4CD9DE568BF1}.Debug|ARM.Build.0 = Debug|Any CPU
		{5DE2A2B4-9F79-400C-B211-4CD9DE568BF1}.Debug|ARM.Deploy.0 = Debug|Any CPU
		{5DE2A2B4-9F79-400C-B211-4CD9DE568BF1}.Debug|iPhone.ActiveCfg = Debug|Any CPU
		{5DE2A2B4-9F79-400C-B211-4CD9DE568BF1}.Debug|iPhone.Build.0 = Debug|Any CPU
		{5DE2A2B4-9F79-400C-B211-4CD9DE568BF1}.Debug|iPhone.Deploy.0 = Debug|Any CPU
		{5DE2A2B4-9F79-400C-B211-4CD9DE568BF1}.Debug|iPhoneSimulator.ActiveCfg = Debug|Any CPU
		{5DE2A2B4-9F79-400C-B211-4CD9DE568BF1}.Debug|iPhoneSimulator.Build.0 = Debug|Any CPU
		{5DE2A2B4-9F79-400C-B211-4CD9DE568BF1}.Debug|iPhoneSimulator.Deploy.0 = Debug|Any CPU
		{5DE2A2B4-9F79-400C-B211-4CD9DE568BF1}.Debug|x64.ActiveCfg = Debug|Any CPU
		{5DE2A2B4-9F79-400C-B211-4CD9DE568BF1}.Debug|x64.Build.0 = Debug|Any CPU
		{5DE2A2B4-9F79-400C-B211-4CD9DE568BF1}.Debug|x64.Deploy.0 = Debug|Any CPU
		{5DE2A2B4-9F79-400C-B211-4CD9DE568BF1}.Debug|x86.ActiveCfg = Debug|Any CPU
		{5DE2A2B4-9F79-400C-B211-4CD9DE568BF1}.Debug|x86.Build.0 = Debug|Any CPU
		{5DE2A2B4-9F79-400C-B211-4CD9DE568BF1}.Debug|x86.Deploy.0 = Debug|Any CPU
		{5DE2A2B4-9F79-400C-B211-4CD9DE568BF1}.Release|Any CPU.ActiveCfg = Release|Any CPU
		{5DE2A2B4-9F79-400C-B211-4CD9DE568BF1}.Release|Any CPU.Build.0 = Release|Any CPU
		{5DE2A2B4-9F79-400C-B211-4CD9DE568BF1}.Release|Any CPU.Deploy.0 = Release|Any CPU
		{5DE2A2B4-9F79-400C-B211-4CD9DE568BF1}.Release|ARM.ActiveCfg = Release|Any CPU
		{5DE2A2B4-9F79-400C-B211-4CD9DE568BF1}.Release|ARM.Build.0 = Release|Any CPU
		{5DE2A2B4-9F79-400C-B211-4CD9DE568BF1}.Release|ARM.Deploy.0 = Release|Any CPU
		{5DE2A2B4-9F79-400C-B211-4CD9DE568BF1}.Release|iPhone.ActiveCfg = Release|Any CPU
		{5DE2A2B4-9F79-400C-B211-4CD9DE568BF1}.Release|iPhone.Build.0 = Release|Any CPU
		{5DE2A2B4-9F79-400C-B211-4CD9DE568BF1}.Release|iPhone.Deploy.0 = Release|Any CPU
		{5DE2A2B4-9F79-400C-B211-4CD9DE568BF1}.Release|iPhoneSimulator.ActiveCfg = Release|Any CPU
		{5DE2A2B4-9F79-400C-B211-4CD9DE568BF1}.Release|iPhoneSimulator.Build.0 = Release|Any CPU
		{5DE2A2B4-9F79-400C-B211-4CD9DE568BF1}.Release|iPhoneSimulator.Deploy.0 = Release|Any CPU
		{5DE2A2B4-9F79-400C-B211-4CD9DE568BF1}.Release|x64.ActiveCfg = Release|Any CPU
		{5DE2A2B4-9F79-400C-B211-4CD9DE568BF1}.Release|x64.Build.0 = Release|Any CPU
		{5DE2A2B4-9F79-400C-B211-4CD9DE568BF1}.Release|x64.Deploy.0 = Release|Any CPU
		{5DE2A2B4-9F79-400C-B211-4CD9DE568BF1}.Release|x86.ActiveCfg = Release|Any CPU
		{5DE2A2B4-9F79-400C-B211-4CD9DE568BF1}.Release|x86.Build.0 = Release|Any CPU
		{5DE2A2B4-9F79-400C-B211-4CD9DE568BF1}.Release|x86.Deploy.0 = Release|Any CPU
		{03513CA5-1755-4894-8D67-DEC08BF922EB}.Ad-Hoc|Any CPU.ActiveCfg = Release|Any CPU
		{03513CA5-1755-4894-8D67-DEC08BF922EB}.Ad-Hoc|Any CPU.Build.0 = Release|Any CPU
		{03513CA5-1755-4894-8D67-DEC08BF922EB}.Ad-Hoc|ARM.ActiveCfg = Release|Any CPU
		{03513CA5-1755-4894-8D67-DEC08BF922EB}.Ad-Hoc|ARM.Build.0 = Release|Any CPU
		{03513CA5-1755-4894-8D67-DEC08BF922EB}.Ad-Hoc|iPhone.ActiveCfg = Release|Any CPU
		{03513CA5-1755-4894-8D67-DEC08BF922EB}.Ad-Hoc|iPhone.Build.0 = Release|Any CPU
		{03513CA5-1755-4894-8D67-DEC08BF922EB}.Ad-Hoc|iPhoneSimulator.ActiveCfg = Release|Any CPU
		{03513CA5-1755-4894-8D67-DEC08BF922EB}.Ad-Hoc|iPhoneSimulator.Build.0 = Release|Any CPU
		{03513CA5-1755-4894-8D67-DEC08BF922EB}.Ad-Hoc|x64.ActiveCfg = Release|Any CPU
		{03513CA5-1755-4894-8D67-DEC08BF922EB}.Ad-Hoc|x64.Build.0 = Release|Any CPU
		{03513CA5-1755-4894-8D67-DEC08BF922EB}.Ad-Hoc|x86.ActiveCfg = Release|Any CPU
		{03513CA5-1755-4894-8D67-DEC08BF922EB}.Ad-Hoc|x86.Build.0 = Release|Any CPU
		{03513CA5-1755-4894-8D67-DEC08BF922EB}.AppStore|Any CPU.ActiveCfg = Release|Any CPU
		{03513CA5-1755-4894-8D67-DEC08BF922EB}.AppStore|Any CPU.Build.0 = Release|Any CPU
		{03513CA5-1755-4894-8D67-DEC08BF922EB}.AppStore|ARM.ActiveCfg = Release|Any CPU
		{03513CA5-1755-4894-8D67-DEC08BF922EB}.AppStore|ARM.Build.0 = Release|Any CPU
		{03513CA5-1755-4894-8D67-DEC08BF922EB}.AppStore|iPhone.ActiveCfg = Release|Any CPU
		{03513CA5-1755-4894-8D67-DEC08BF922EB}.AppStore|iPhone.Build.0 = Release|Any CPU
		{03513CA5-1755-4894-8D67-DEC08BF922EB}.AppStore|iPhoneSimulator.ActiveCfg = Release|Any CPU
		{03513CA5-1755-4894-8D67-DEC08BF922EB}.AppStore|iPhoneSimulator.Build.0 = Release|Any CPU
		{03513CA5-1755-4894-8D67-DEC08BF922EB}.AppStore|x64.ActiveCfg = Release|Any CPU
		{03513CA5-1755-4894-8D67-DEC08BF922EB}.AppStore|x64.Build.0 = Release|Any CPU
		{03513CA5-1755-4894-8D67-DEC08BF922EB}.AppStore|x86.ActiveCfg = Release|Any CPU
		{03513CA5-1755-4894-8D67-DEC08BF922EB}.AppStore|x86.Build.0 = Release|Any CPU
		{03513CA5-1755-4894-8D67-DEC08BF922EB}.Debug|Any CPU.ActiveCfg = Debug|Any CPU
		{03513CA5-1755-4894-8D67-DEC08BF922EB}.Debug|Any CPU.Build.0 = Debug|Any CPU
		{03513CA5-1755-4894-8D67-DEC08BF922EB}.Debug|ARM.ActiveCfg = Debug|Any CPU
		{03513CA5-1755-4894-8D67-DEC08BF922EB}.Debug|ARM.Build.0 = Debug|Any CPU
		{03513CA5-1755-4894-8D67-DEC08BF922EB}.Debug|iPhone.ActiveCfg = Debug|Any CPU
		{03513CA5-1755-4894-8D67-DEC08BF922EB}.Debug|iPhone.Build.0 = Debug|Any CPU
		{03513CA5-1755-4894-8D67-DEC08BF922EB}.Debug|iPhoneSimulator.ActiveCfg = Debug|Any CPU
		{03513CA5-1755-4894-8D67-DEC08BF922EB}.Debug|iPhoneSimulator.Build.0 = Debug|Any CPU
		{03513CA5-1755-4894-8D67-DEC08BF922EB}.Debug|x64.ActiveCfg = Debug|Any CPU
		{03513CA5-1755-4894-8D67-DEC08BF922EB}.Debug|x64.Build.0 = Debug|Any CPU
		{03513CA5-1755-4894-8D67-DEC08BF922EB}.Debug|x86.ActiveCfg = Debug|Any CPU
		{03513CA5-1755-4894-8D67-DEC08BF922EB}.Debug|x86.Build.0 = Debug|Any CPU
		{03513CA5-1755-4894-8D67-DEC08BF922EB}.Release|Any CPU.ActiveCfg = Release|Any CPU
		{03513CA5-1755-4894-8D67-DEC08BF922EB}.Release|Any CPU.Build.0 = Release|Any CPU
		{03513CA5-1755-4894-8D67-DEC08BF922EB}.Release|ARM.ActiveCfg = Release|Any CPU
		{03513CA5-1755-4894-8D67-DEC08BF922EB}.Release|ARM.Build.0 = Release|Any CPU
		{03513CA5-1755-4894-8D67-DEC08BF922EB}.Release|iPhone.ActiveCfg = Release|Any CPU
		{03513CA5-1755-4894-8D67-DEC08BF922EB}.Release|iPhone.Build.0 = Release|Any CPU
		{03513CA5-1755-4894-8D67-DEC08BF922EB}.Release|iPhoneSimulator.ActiveCfg = Release|Any CPU
		{03513CA5-1755-4894-8D67-DEC08BF922EB}.Release|iPhoneSimulator.Build.0 = Release|Any CPU
		{03513CA5-1755-4894-8D67-DEC08BF922EB}.Release|x64.ActiveCfg = Release|Any CPU
		{03513CA5-1755-4894-8D67-DEC08BF922EB}.Release|x64.Build.0 = Release|Any CPU
		{03513CA5-1755-4894-8D67-DEC08BF922EB}.Release|x86.ActiveCfg = Release|Any CPU
		{03513CA5-1755-4894-8D67-DEC08BF922EB}.Release|x86.Build.0 = Release|Any CPU
		{E2A0C7B1-4D9D-4FDB-AF68-0F861E81F703}.Ad-Hoc|Any CPU.ActiveCfg = Release|x86
		{E2A0C7B1-4D9D-4FDB-AF68-0F861E81F703}.Ad-Hoc|Any CPU.Build.0 = Release|x86
		{E2A0C7B1-4D9D-4FDB-AF68-0F861E81F703}.Ad-Hoc|Any CPU.Deploy.0 = Release|x86
		{E2A0C7B1-4D9D-4FDB-AF68-0F861E81F703}.Ad-Hoc|ARM.ActiveCfg = Release|ARM
		{E2A0C7B1-4D9D-4FDB-AF68-0F861E81F703}.Ad-Hoc|ARM.Build.0 = Release|ARM
		{E2A0C7B1-4D9D-4FDB-AF68-0F861E81F703}.Ad-Hoc|ARM.Deploy.0 = Release|ARM
		{E2A0C7B1-4D9D-4FDB-AF68-0F861E81F703}.Ad-Hoc|iPhone.ActiveCfg = Release|x86
		{E2A0C7B1-4D9D-4FDB-AF68-0F861E81F703}.Ad-Hoc|iPhone.Build.0 = Release|x86
		{E2A0C7B1-4D9D-4FDB-AF68-0F861E81F703}.Ad-Hoc|iPhone.Deploy.0 = Release|x86
		{E2A0C7B1-4D9D-4FDB-AF68-0F861E81F703}.Ad-Hoc|iPhoneSimulator.ActiveCfg = Release|x86
		{E2A0C7B1-4D9D-4FDB-AF68-0F861E81F703}.Ad-Hoc|iPhoneSimulator.Build.0 = Release|x86
		{E2A0C7B1-4D9D-4FDB-AF68-0F861E81F703}.Ad-Hoc|iPhoneSimulator.Deploy.0 = Release|x86
		{E2A0C7B1-4D9D-4FDB-AF68-0F861E81F703}.Ad-Hoc|x64.ActiveCfg = Release|x64
		{E2A0C7B1-4D9D-4FDB-AF68-0F861E81F703}.Ad-Hoc|x64.Build.0 = Release|x64
		{E2A0C7B1-4D9D-4FDB-AF68-0F861E81F703}.Ad-Hoc|x64.Deploy.0 = Release|x64
		{E2A0C7B1-4D9D-4FDB-AF68-0F861E81F703}.Ad-Hoc|x86.ActiveCfg = Release|x86
		{E2A0C7B1-4D9D-4FDB-AF68-0F861E81F703}.Ad-Hoc|x86.Build.0 = Release|x86
		{E2A0C7B1-4D9D-4FDB-AF68-0F861E81F703}.Ad-Hoc|x86.Deploy.0 = Release|x86
		{E2A0C7B1-4D9D-4FDB-AF68-0F861E81F703}.AppStore|Any CPU.ActiveCfg = Release|x86
		{E2A0C7B1-4D9D-4FDB-AF68-0F861E81F703}.AppStore|Any CPU.Build.0 = Release|x86
		{E2A0C7B1-4D9D-4FDB-AF68-0F861E81F703}.AppStore|Any CPU.Deploy.0 = Release|x86
		{E2A0C7B1-4D9D-4FDB-AF68-0F861E81F703}.AppStore|ARM.ActiveCfg = Release|ARM
		{E2A0C7B1-4D9D-4FDB-AF68-0F861E81F703}.AppStore|ARM.Build.0 = Release|ARM
		{E2A0C7B1-4D9D-4FDB-AF68-0F861E81F703}.AppStore|ARM.Deploy.0 = Release|ARM
		{E2A0C7B1-4D9D-4FDB-AF68-0F861E81F703}.AppStore|iPhone.ActiveCfg = Release|x86
		{E2A0C7B1-4D9D-4FDB-AF68-0F861E81F703}.AppStore|iPhone.Build.0 = Release|x86
		{E2A0C7B1-4D9D-4FDB-AF68-0F861E81F703}.AppStore|iPhone.Deploy.0 = Release|x86
		{E2A0C7B1-4D9D-4FDB-AF68-0F861E81F703}.AppStore|iPhoneSimulator.ActiveCfg = Release|x86
		{E2A0C7B1-4D9D-4FDB-AF68-0F861E81F703}.AppStore|iPhoneSimulator.Build.0 = Release|x86
		{E2A0C7B1-4D9D-4FDB-AF68-0F861E81F703}.AppStore|iPhoneSimulator.Deploy.0 = Release|x86
		{E2A0C7B1-4D9D-4FDB-AF68-0F861E81F703}.AppStore|x64.ActiveCfg = Release|x64
		{E2A0C7B1-4D9D-4FDB-AF68-0F861E81F703}.AppStore|x64.Build.0 = Release|x64
		{E2A0C7B1-4D9D-4FDB-AF68-0F861E81F703}.AppStore|x64.Deploy.0 = Release|x64
		{E2A0C7B1-4D9D-4FDB-AF68-0F861E81F703}.AppStore|x86.ActiveCfg = Release|x86
		{E2A0C7B1-4D9D-4FDB-AF68-0F861E81F703}.AppStore|x86.Build.0 = Release|x86
		{E2A0C7B1-4D9D-4FDB-AF68-0F861E81F703}.AppStore|x86.Deploy.0 = Release|x86
		{E2A0C7B1-4D9D-4FDB-AF68-0F861E81F703}.Debug|Any CPU.ActiveCfg = Debug|x86
		{E2A0C7B1-4D9D-4FDB-AF68-0F861E81F703}.Debug|ARM.ActiveCfg = Debug|ARM
		{E2A0C7B1-4D9D-4FDB-AF68-0F861E81F703}.Debug|ARM.Build.0 = Debug|ARM
		{E2A0C7B1-4D9D-4FDB-AF68-0F861E81F703}.Debug|ARM.Deploy.0 = Debug|ARM
		{E2A0C7B1-4D9D-4FDB-AF68-0F861E81F703}.Debug|iPhone.ActiveCfg = Debug|x86
		{E2A0C7B1-4D9D-4FDB-AF68-0F861E81F703}.Debug|iPhoneSimulator.ActiveCfg = Debug|x86
		{E2A0C7B1-4D9D-4FDB-AF68-0F861E81F703}.Debug|x64.ActiveCfg = Debug|x64
		{E2A0C7B1-4D9D-4FDB-AF68-0F861E81F703}.Debug|x64.Build.0 = Debug|x64
		{E2A0C7B1-4D9D-4FDB-AF68-0F861E81F703}.Debug|x64.Deploy.0 = Debug|x64
		{E2A0C7B1-4D9D-4FDB-AF68-0F861E81F703}.Debug|x86.ActiveCfg = Debug|x86
		{E2A0C7B1-4D9D-4FDB-AF68-0F861E81F703}.Debug|x86.Build.0 = Debug|x86
		{E2A0C7B1-4D9D-4FDB-AF68-0F861E81F703}.Debug|x86.Deploy.0 = Debug|x86
		{E2A0C7B1-4D9D-4FDB-AF68-0F861E81F703}.Release|Any CPU.ActiveCfg = Release|x86
		{E2A0C7B1-4D9D-4FDB-AF68-0F861E81F703}.Release|ARM.ActiveCfg = Release|ARM
		{E2A0C7B1-4D9D-4FDB-AF68-0F861E81F703}.Release|ARM.Build.0 = Release|ARM
		{E2A0C7B1-4D9D-4FDB-AF68-0F861E81F703}.Release|ARM.Deploy.0 = Release|ARM
		{E2A0C7B1-4D9D-4FDB-AF68-0F861E81F703}.Release|iPhone.ActiveCfg = Release|x86
		{E2A0C7B1-4D9D-4FDB-AF68-0F861E81F703}.Release|iPhoneSimulator.ActiveCfg = Release|x86
		{E2A0C7B1-4D9D-4FDB-AF68-0F861E81F703}.Release|x64.ActiveCfg = Release|x64
		{E2A0C7B1-4D9D-4FDB-AF68-0F861E81F703}.Release|x64.Build.0 = Release|x64
		{E2A0C7B1-4D9D-4FDB-AF68-0F861E81F703}.Release|x64.Deploy.0 = Release|x64
		{E2A0C7B1-4D9D-4FDB-AF68-0F861E81F703}.Release|x86.ActiveCfg = Release|x86
		{E2A0C7B1-4D9D-4FDB-AF68-0F861E81F703}.Release|x86.Build.0 = Release|x86
		{E2A0C7B1-4D9D-4FDB-AF68-0F861E81F703}.Release|x86.Deploy.0 = Release|x86
		{586741DE-AAFE-4868-B8FE-9ED571A489AE}.Ad-Hoc|Any CPU.ActiveCfg = Ad-Hoc|iPhone
		{586741DE-AAFE-4868-B8FE-9ED571A489AE}.Ad-Hoc|ARM.ActiveCfg = Ad-Hoc|iPhone
		{586741DE-AAFE-4868-B8FE-9ED571A489AE}.Ad-Hoc|iPhone.ActiveCfg = Ad-Hoc|iPhone
		{586741DE-AAFE-4868-B8FE-9ED571A489AE}.Ad-Hoc|iPhone.Build.0 = Ad-Hoc|iPhone
		{586741DE-AAFE-4868-B8FE-9ED571A489AE}.Ad-Hoc|iPhoneSimulator.ActiveCfg = Ad-Hoc|iPhoneSimulator
		{586741DE-AAFE-4868-B8FE-9ED571A489AE}.Ad-Hoc|iPhoneSimulator.Build.0 = Ad-Hoc|iPhoneSimulator
		{586741DE-AAFE-4868-B8FE-9ED571A489AE}.Ad-Hoc|x64.ActiveCfg = Ad-Hoc|iPhone
		{586741DE-AAFE-4868-B8FE-9ED571A489AE}.Ad-Hoc|x86.ActiveCfg = Ad-Hoc|iPhone
		{586741DE-AAFE-4868-B8FE-9ED571A489AE}.AppStore|Any CPU.ActiveCfg = AppStore|iPhone
		{586741DE-AAFE-4868-B8FE-9ED571A489AE}.AppStore|ARM.ActiveCfg = AppStore|iPhone
		{586741DE-AAFE-4868-B8FE-9ED571A489AE}.AppStore|iPhone.ActiveCfg = AppStore|iPhone
		{586741DE-AAFE-4868-B8FE-9ED571A489AE}.AppStore|iPhone.Build.0 = AppStore|iPhone
		{586741DE-AAFE-4868-B8FE-9ED571A489AE}.AppStore|iPhoneSimulator.ActiveCfg = AppStore|iPhoneSimulator
		{586741DE-AAFE-4868-B8FE-9ED571A489AE}.AppStore|iPhoneSimulator.Build.0 = AppStore|iPhoneSimulator
		{586741DE-AAFE-4868-B8FE-9ED571A489AE}.AppStore|x64.ActiveCfg = AppStore|iPhone
		{586741DE-AAFE-4868-B8FE-9ED571A489AE}.AppStore|x86.ActiveCfg = AppStore|iPhone
		{586741DE-AAFE-4868-B8FE-9ED571A489AE}.Debug|Any CPU.ActiveCfg = Debug|iPhone
		{586741DE-AAFE-4868-B8FE-9ED571A489AE}.Debug|ARM.ActiveCfg = Debug|iPhone
		{586741DE-AAFE-4868-B8FE-9ED571A489AE}.Debug|iPhone.ActiveCfg = Debug|iPhone
		{586741DE-AAFE-4868-B8FE-9ED571A489AE}.Debug|iPhone.Build.0 = Debug|iPhone
		{586741DE-AAFE-4868-B8FE-9ED571A489AE}.Debug|iPhoneSimulator.ActiveCfg = Debug|iPhoneSimulator
		{586741DE-AAFE-4868-B8FE-9ED571A489AE}.Debug|iPhoneSimulator.Build.0 = Debug|iPhoneSimulator
		{586741DE-AAFE-4868-B8FE-9ED571A489AE}.Debug|x64.ActiveCfg = Debug|iPhone
		{586741DE-AAFE-4868-B8FE-9ED571A489AE}.Debug|x86.ActiveCfg = Debug|iPhone
		{586741DE-AAFE-4868-B8FE-9ED571A489AE}.Release|Any CPU.ActiveCfg = Release|iPhone
		{586741DE-AAFE-4868-B8FE-9ED571A489AE}.Release|ARM.ActiveCfg = Release|iPhone
		{586741DE-AAFE-4868-B8FE-9ED571A489AE}.Release|iPhone.ActiveCfg = Release|iPhone
		{586741DE-AAFE-4868-B8FE-9ED571A489AE}.Release|iPhone.Build.0 = Release|iPhone
		{586741DE-AAFE-4868-B8FE-9ED571A489AE}.Release|iPhoneSimulator.ActiveCfg = Release|iPhoneSimulator
		{586741DE-AAFE-4868-B8FE-9ED571A489AE}.Release|iPhoneSimulator.Build.0 = Release|iPhoneSimulator
		{586741DE-AAFE-4868-B8FE-9ED571A489AE}.Release|x64.ActiveCfg = Release|iPhone
		{586741DE-AAFE-4868-B8FE-9ED571A489AE}.Release|x86.ActiveCfg = Release|iPhone
	EndGlobalSection
	GlobalSection(SolutionProperties) = preSolution
		HideSolutionNode = FALSE
	EndGlobalSection
EndGlobal
