
Microsoft Visual Studio Solution File, Format Version 12.00
# Visual Studio 15
VisualStudioVersion = 15.0.26430.16
MinimumVisualStudioVersion = 10.0.40219.1
Project("{FAE04EC0-301F-11D3-BF4B-00C04F79EFBC}") = "SkCanvasTouchHandling.Android", "SkCanvasTouchHandling\SkCanvasTouchHandling.Android\SkCanvasTouchHandling.Android.csproj", "{5E40D0A6-F3C2-44CC-9A25-2BF5B64C273C}"
EndProject
Project("{FAE04EC0-301F-11D3-BF4B-00C04F79EFBC}") = "SkCanvasTouchHandling", "SkCanvasTouchHandling\SkCanvasTouchHandling\SkCanvasTouchHandling.csproj", "{0F996478-73C9-4145-AF1C-0ED592E7334B}"
EndProject
Project("{FAE04EC0-301F-11D3-BF4B-00C04F79EFBC}") = "SkCanvasTouchHandling.UWP", "SkCanvasTouchHandling\SkCanvasTouchHandling.UWP\SkCanvasTouchHandling.UWP.csproj", "{D5C04D20-9576-4FA1-9CFB-8DADE73845A5}"
EndProject
Project("{FAE04EC0-301F-11D3-BF4B-00C04F79EFBC}") = "SkCanvasTouchHandling.iOS", "SkCanvasTouchHandling\SkCanvasTouchHandling.iOS\SkCanvasTouchHandling.iOS.csproj", "{034A5DB4-44C9-4998-AF40-5305EE8B605B}"
EndProject
Global
	GlobalSection(SolutionConfigurationPlatforms) = preSolution
		Ad-Hoc|Any CPU = Ad-Hoc|Any CPU
		Ad-Hoc|ARM = Ad-Hoc|ARM
		Ad-Hoc|iPhone = Ad-Hoc|iPhone
		Ad-Hoc|iPhoneSimulator = Ad-Hoc|iPhoneSimulator
		Ad-Hoc|x64 = Ad-Hoc|x64
		Ad-Hoc|x86 = Ad-Hoc|x86
		AppStore|Any CPU = AppStore|Any CPU
		AppStore|ARM = AppStore|ARM
		AppStore|iPhone = AppStore|iPhone
		AppStore|iPhoneSimulator = AppStore|iPhoneSimulator
		AppStore|x64 = AppStore|x64
		AppStore|x86 = AppStore|x86
		Debug|Any CPU = Debug|Any CPU
		Debug|ARM = Debug|ARM
		Debug|iPhone = Debug|iPhone
		Debug|iPhoneSimulator = Debug|iPhoneSimulator
		Debug|x64 = Debug|x64
		Debug|x86 = Debug|x86
		Release|Any CPU = Release|Any CPU
		Release|ARM = Release|ARM
		Release|iPhone = Release|iPhone
		Release|iPhoneSimulator = Release|iPhoneSimulator
		Release|x64 = Release|x64
		Release|x86 = Release|x86
	EndGlobalSection
	GlobalSection(ProjectConfigurationPlatforms) = postSolution
		{5E40D0A6-F3C2-44CC-9A25-2BF5B64C273C}.Ad-Hoc|Any CPU.ActiveCfg = Release|Any CPU
		{5E40D0A6-F3C2-44CC-9A25-2BF5B64C273C}.Ad-Hoc|Any CPU.Build.0 = Release|Any CPU
		{5E40D0A6-F3C2-44CC-9A25-2BF5B64C273C}.Ad-Hoc|Any CPU.Deploy.0 = Release|Any CPU
		{5E40D0A6-F3C2-44CC-9A25-2BF5B64C273C}.Ad-Hoc|ARM.ActiveCfg = Release|Any CPU
		{5E40D0A6-F3C2-44CC-9A25-2BF5B64C273C}.Ad-Hoc|ARM.Build.0 = Release|Any CPU
		{5E40D0A6-F3C2-44CC-9A25-2BF5B64C273C}.Ad-Hoc|ARM.Deploy.0 = Release|Any CPU
		{5E40D0A6-F3C2-44CC-9A25-2BF5B64C273C}.Ad-Hoc|iPhone.ActiveCfg = Release|Any CPU
		{5E40D0A6-F3C2-44CC-9A25-2BF5B64C273C}.Ad-Hoc|iPhone.Build.0 = Release|Any CPU
		{5E40D0A6-F3C2-44CC-9A25-2BF5B64C273C}.Ad-Hoc|iPhone.Deploy.0 = Release|Any CPU
		{5E40D0A6-F3C2-44CC-9A25-2BF5B64C273C}.Ad-Hoc|iPhoneSimulator.ActiveCfg = Release|Any CPU
		{5E40D0A6-F3C2-44CC-9A25-2BF5B64C273C}.Ad-Hoc|iPhoneSimulator.Build.0 = Release|Any CPU
		{5E40D0A6-F3C2-44CC-9A25-2BF5B64C273C}.Ad-Hoc|iPhoneSimulator.Deploy.0 = Release|Any CPU
		{5E40D0A6-F3C2-44CC-9A25-2BF5B64C273C}.Ad-Hoc|x64.ActiveCfg = Release|Any CPU
		{5E40D0A6-F3C2-44CC-9A25-2BF5B64C273C}.Ad-Hoc|x64.Build.0 = Release|Any CPU
		{5E40D0A6-F3C2-44CC-9A25-2BF5B64C273C}.Ad-Hoc|x64.Deploy.0 = Release|Any CPU
		{5E40D0A6-F3C2-44CC-9A25-2BF5B64C273C}.Ad-Hoc|x86.ActiveCfg = Release|Any CPU
		{5E40D0A6-F3C2-44CC-9A25-2BF5B64C273C}.Ad-Hoc|x86.Build.0 = Release|Any CPU
		{5E40D0A6-F3C2-44CC-9A25-2BF5B64C273C}.Ad-Hoc|x86.Deploy.0 = Release|Any CPU
		{5E40D0A6-F3C2-44CC-9A25-2BF5B64C273C}.AppStore|Any CPU.ActiveCfg = Release|Any CPU
		{5E40D0A6-F3C2-44CC-9A25-2BF5B64C273C}.AppStore|Any CPU.Build.0 = Release|Any CPU
		{5E40D0A6-F3C2-44CC-9A25-2BF5B64C273C}.AppStore|Any CPU.Deploy.0 = Release|Any CPU
		{5E40D0A6-F3C2-44CC-9A25-2BF5B64C273C}.AppStore|ARM.ActiveCfg = Release|Any CPU
		{5E40D0A6-F3C2-44CC-9A25-2BF5B64C273C}.AppStore|ARM.Build.0 = Release|Any CPU
		{5E40D0A6-F3C2-44CC-9A25-2BF5B64C273C}.AppStore|ARM.Deploy.0 = Release|Any CPU
		{5E40D0A6-F3C2-44CC-9A25-2BF5B64C273C}.AppStore|iPhone.ActiveCfg = Release|Any CPU
		{5E40D0A6-F3C2-44CC-9A25-2BF5B64C273C}.AppStore|iPhone.Build.0 = Release|Any CPU
		{5E40D0A6-F3C2-44CC-9A25-2BF5B64C273C}.AppStore|iPhone.Deploy.0 = Release|Any CPU
		{5E40D0A6-F3C2-44CC-9A25-2BF5B64C273C}.AppStore|iPhoneSimulator.ActiveCfg = Release|Any CPU
		{5E40D0A6-F3C2-44CC-9A25-2BF5B64C273C}.AppStore|iPhoneSimulator.Build.0 = Release|Any CPU
		{5E40D0A6-F3C2-44CC-9A25-2BF5B64C273C}.AppStore|iPhoneSimulator.Deploy.0 = Release|Any CPU
		{5E40D0A6-F3C2-44CC-9A25-2BF5B64C273C}.AppStore|x64.ActiveCfg = Release|Any CPU
		{5E40D0A6-F3C2-44CC-9A25-2BF5B64C273C}.AppStore|x64.Build.0 = Release|Any CPU
		{5E40D0A6-F3C2-44CC-9A25-2BF5B64C273C}.AppStore|x64.Deploy.0 = Release|Any CPU
		{5E40D0A6-F3C2-44CC-9A25-2BF5B64C273C}.AppStore|x86.ActiveCfg = Release|Any CPU
		{5E40D0A6-F3C2-44CC-9A25-2BF5B64C273C}.AppStore|x86.Build.0 = Release|Any CPU
		{5E40D0A6-F3C2-44CC-9A25-2BF5B64C273C}.AppStore|x86.Deploy.0 = Release|Any CPU
		{5E40D0A6-F3C2-44CC-9A25-2BF5B64C273C}.Debug|Any CPU.ActiveCfg = Debug|Any CPU
		{5E40D0A6-F3C2-44CC-9A25-2BF5B64C273C}.Debug|Any CPU.Build.0 = Debug|Any CPU
		{5E40D0A6-F3C2-44CC-9A25-2BF5B64C273C}.Debug|Any CPU.Deploy.0 = Debug|Any CPU
		{5E40D0A6-F3C2-44CC-9A25-2BF5B64C273C}.Debug|ARM.ActiveCfg = Debug|Any CPU
		{5E40D0A6-F3C2-44CC-9A25-2BF5B64C273C}.Debug|ARM.Build.0 = Debug|Any CPU
		{5E40D0A6-F3C2-44CC-9A25-2BF5B64C273C}.Debug|ARM.Deploy.0 = Debug|Any CPU
		{5E40D0A6-F3C2-44CC-9A25-2BF5B64C273C}.Debug|iPhone.ActiveCfg = Debug|Any CPU
		{5E40D0A6-F3C2-44CC-9A25-2BF5B64C273C}.Debug|iPhone.Build.0 = Debug|Any CPU
		{5E40D0A6-F3C2-44CC-9A25-2BF5B64C273C}.Debug|iPhone.Deploy.0 = Debug|Any CPU
		{5E40D0A6-F3C2-44CC-9A25-2BF5B64C273C}.Debug|iPhoneSimulator.ActiveCfg = Debug|Any CPU
		{5E40D0A6-F3C2-44CC-9A25-2BF5B64C273C}.Debug|iPhoneSimulator.Build.0 = Debug|Any CPU
		{5E40D0A6-F3C2-44CC-9A25-2BF5B64C273C}.Debug|iPhoneSimulator.Deploy.0 = Debug|Any CPU
		{5E40D0A6-F3C2-44CC-9A25-2BF5B64C273C}.Debug|x64.ActiveCfg = Debug|Any CPU
		{5E40D0A6-F3C2-44CC-9A25-2BF5B64C273C}.Debug|x64.Build.0 = Debug|Any CPU
		{5E40D0A6-F3C2-44CC-9A25-2BF5B64C273C}.Debug|x64.Deploy.0 = Debug|Any CPU
		{5E40D0A6-F3C2-44CC-9A25-2BF5B64C273C}.Debug|x86.ActiveCfg = Debug|Any CPU
		{5E40D0A6-F3C2-44CC-9A25-2BF5B64C273C}.Debug|x86.Build.0 = Debug|Any CPU
		{5E40D0A6-F3C2-44CC-9A25-2BF5B64C273C}.Debug|x86.Deploy.0 = Debug|Any CPU
		{5E40D0A6-F3C2-44CC-9A25-2BF5B64C273C}.Release|Any CPU.ActiveCfg = Release|Any CPU
		{5E40D0A6-F3C2-44CC-9A25-2BF5B64C273C}.Release|Any CPU.Build.0 = Release|Any CPU
		{5E40D0A6-F3C2-44CC-9A25-2BF5B64C273C}.Release|Any CPU.Deploy.0 = Release|Any CPU
		{5E40D0A6-F3C2-44CC-9A25-2BF5B64C273C}.Release|ARM.ActiveCfg = Release|Any CPU
		{5E40D0A6-F3C2-44CC-9A25-2BF5B64C273C}.Release|ARM.Build.0 = Release|Any CPU
		{5E40D0A6-F3C2-44CC-9A25-2BF5B64C273C}.Release|ARM.Deploy.0 = Release|Any CPU
		{5E40D0A6-F3C2-44CC-9A25-2BF5B64C273C}.Release|iPhone.ActiveCfg = Release|Any CPU
		{5E40D0A6-F3C2-44CC-9A25-2BF5B64C273C}.Release|iPhone.Build.0 = Release|Any CPU
		{5E40D0A6-F3C2-44CC-9A25-2BF5B64C273C}.Release|iPhone.Deploy.0 = Release|Any CPU
		{5E40D0A6-F3C2-44CC-9A25-2BF5B64C273C}.Release|iPhoneSimulator.ActiveCfg = Release|Any CPU
		{5E40D0A6-F3C2-44CC-9A25-2BF5B64C273C}.Release|iPhoneSimulator.Build.0 = Release|Any CPU
		{5E40D0A6-F3C2-44CC-9A25-2BF5B64C273C}.Release|iPhoneSimulator.Deploy.0 = Release|Any CPU
		{5E40D0A6-F3C2-44CC-9A25-2BF5B64C273C}.Release|x64.ActiveCfg = Release|Any CPU
		{5E40D0A6-F3C2-44CC-9A25-2BF5B64C273C}.Release|x64.Build.0 = Release|Any CPU
		{5E40D0A6-F3C2-44CC-9A25-2BF5B64C273C}.Release|x64.Deploy.0 = Release|Any CPU
		{5E40D0A6-F3C2-44CC-9A25-2BF5B64C273C}.Release|x86.ActiveCfg = Release|Any CPU
		{5E40D0A6-F3C2-44CC-9A25-2BF5B64C273C}.Release|x86.Build.0 = Release|Any CPU
		{5E40D0A6-F3C2-44CC-9A25-2BF5B64C273C}.Release|x86.Deploy.0 = Release|Any CPU
		{0F996478-73C9-4145-AF1C-0ED592E7334B}.Ad-Hoc|Any CPU.ActiveCfg = Release|Any CPU
		{0F996478-73C9-4145-AF1C-0ED592E7334B}.Ad-Hoc|Any CPU.Build.0 = Release|Any CPU
		{0F996478-73C9-4145-AF1C-0ED592E7334B}.Ad-Hoc|ARM.ActiveCfg = Release|Any CPU
		{0F996478-73C9-4145-AF1C-0ED592E7334B}.Ad-Hoc|ARM.Build.0 = Release|Any CPU
		{0F996478-73C9-4145-AF1C-0ED592E7334B}.Ad-Hoc|iPhone.ActiveCfg = Release|Any CPU
		{0F996478-73C9-4145-AF1C-0ED592E7334B}.Ad-Hoc|iPhone.Build.0 = Release|Any CPU
		{0F996478-73C9-4145-AF1C-0ED592E7334B}.Ad-Hoc|iPhoneSimulator.ActiveCfg = Release|Any CPU
		{0F996478-73C9-4145-AF1C-0ED592E7334B}.Ad-Hoc|iPhoneSimulator.Build.0 = Release|Any CPU
		{0F996478-73C9-4145-AF1C-0ED592E7334B}.Ad-Hoc|x64.ActiveCfg = Release|Any CPU
		{0F996478-73C9-4145-AF1C-0ED592E7334B}.Ad-Hoc|x64.Build.0 = Release|Any CPU
		{0F996478-73C9-4145-AF1C-0ED592E7334B}.Ad-Hoc|x86.ActiveCfg = Release|Any CPU
		{0F996478-73C9-4145-AF1C-0ED592E7334B}.Ad-Hoc|x86.Build.0 = Release|Any CPU
		{0F996478-73C9-4145-AF1C-0ED592E7334B}.AppStore|Any CPU.ActiveCfg = Release|Any CPU
		{0F996478-73C9-4145-AF1C-0ED592E7334B}.AppStore|Any CPU.Build.0 = Release|Any CPU
		{0F996478-73C9-4145-AF1C-0ED592E7334B}.AppStore|ARM.ActiveCfg = Release|Any CPU
		{0F996478-73C9-4145-AF1C-0ED592E7334B}.AppStore|ARM.Build.0 = Release|Any CPU
		{0F996478-73C9-4145-AF1C-0ED592E7334B}.AppStore|iPhone.ActiveCfg = Release|Any CPU
		{0F996478-73C9-4145-AF1C-0ED592E7334B}.AppStore|iPhone.Build.0 = Release|Any CPU
		{0F996478-73C9-4145-AF1C-0ED592E7334B}.AppStore|iPhoneSimulator.ActiveCfg = Release|Any CPU
		{0F996478-73C9-4145-AF1C-0ED592E7334B}.AppStore|iPhoneSimulator.Build.0 = Release|Any CPU
		{0F996478-73C9-4145-AF1C-0ED592E7334B}.AppStore|x64.ActiveCfg = Release|Any CPU
		{0F996478-73C9-4145-AF1C-0ED592E7334B}.AppStore|x64.Build.0 = Release|Any CPU
		{0F996478-73C9-4145-AF1C-0ED592E7334B}.AppStore|x86.ActiveCfg = Release|Any CPU
		{0F996478-73C9-4145-AF1C-0ED592E7334B}.AppStore|x86.Build.0 = Release|Any CPU
		{0F996478-73C9-4145-AF1C-0ED592E7334B}.Debug|Any CPU.ActiveCfg = Debug|Any CPU
		{0F996478-73C9-4145-AF1C-0ED592E7334B}.Debug|Any CPU.Build.0 = Debug|Any CPU
		{0F996478-73C9-4145-AF1C-0ED592E7334B}.Debug|ARM.ActiveCfg = Debug|Any CPU
		{0F996478-73C9-4145-AF1C-0ED592E7334B}.Debug|ARM.Build.0 = Debug|Any CPU
		{0F996478-73C9-4145-AF1C-0ED592E7334B}.Debug|iPhone.ActiveCfg = Debug|Any CPU
		{0F996478-73C9-4145-AF1C-0ED592E7334B}.Debug|iPhone.Build.0 = Debug|Any CPU
		{0F996478-73C9-4145-AF1C-0ED592E7334B}.Debug|iPhoneSimulator.ActiveCfg = Debug|Any CPU
		{0F996478-73C9-4145-AF1C-0ED592E7334B}.Debug|iPhoneSimulator.Build.0 = Debug|Any CPU
		{0F996478-73C9-4145-AF1C-0ED592E7334B}.Debug|x64.ActiveCfg = Debug|Any CPU
		{0F996478-73C9-4145-AF1C-0ED592E7334B}.Debug|x64.Build.0 = Debug|Any CPU
		{0F996478-73C9-4145-AF1C-0ED592E7334B}.Debug|x86.ActiveCfg = Debug|Any CPU
		{0F996478-73C9-4145-AF1C-0ED592E7334B}.Debug|x86.Build.0 = Debug|Any CPU
		{0F996478-73C9-4145-AF1C-0ED592E7334B}.Release|Any CPU.ActiveCfg = Release|Any CPU
		{0F996478-73C9-4145-AF1C-0ED592E7334B}.Release|Any CPU.Build.0 = Release|Any CPU
		{0F996478-73C9-4145-AF1C-0ED592E7334B}.Release|ARM.ActiveCfg = Release|Any CPU
		{0F996478-73C9-4145-AF1C-0ED592E7334B}.Release|ARM.Build.0 = Release|Any CPU
		{0F996478-73C9-4145-AF1C-0ED592E7334B}.Release|iPhone.ActiveCfg = Release|Any CPU
		{0F996478-73C9-4145-AF1C-0ED592E7334B}.Release|iPhone.Build.0 = Release|Any CPU
		{0F996478-73C9-4145-AF1C-0ED592E7334B}.Release|iPhoneSimulator.ActiveCfg = Release|Any CPU
		{0F996478-73C9-4145-AF1C-0ED592E7334B}.Release|iPhoneSimulator.Build.0 = Release|Any CPU
		{0F996478-73C9-4145-AF1C-0ED592E7334B}.Release|x64.ActiveCfg = Release|Any CPU
		{0F996478-73C9-4145-AF1C-0ED592E7334B}.Release|x64.Build.0 = Release|Any CPU
		{0F996478-73C9-4145-AF1C-0ED592E7334B}.Release|x86.ActiveCfg = Release|Any CPU
		{0F996478-73C9-4145-AF1C-0ED592E7334B}.Release|x86.Build.0 = Release|Any CPU
		{D5C04D20-9576-4FA1-9CFB-8DADE73845A5}.Ad-Hoc|Any CPU.ActiveCfg = Release|x86
		{D5C04D20-9576-4FA1-9CFB-8DADE73845A5}.Ad-Hoc|Any CPU.Build.0 = Release|x86
		{D5C04D20-9576-4FA1-9CFB-8DADE73845A5}.Ad-Hoc|Any CPU.Deploy.0 = Release|x86
		{D5C04D20-9576-4FA1-9CFB-8DADE73845A5}.Ad-Hoc|ARM.ActiveCfg = Release|ARM
		{D5C04D20-9576-4FA1-9CFB-8DADE73845A5}.Ad-Hoc|ARM.Build.0 = Release|ARM
		{D5C04D20-9576-4FA1-9CFB-8DADE73845A5}.Ad-Hoc|ARM.Deploy.0 = Release|ARM
		{D5C04D20-9576-4FA1-9CFB-8DADE73845A5}.Ad-Hoc|iPhone.ActiveCfg = Release|x86
		{D5C04D20-9576-4FA1-9CFB-8DADE73845A5}.Ad-Hoc|iPhone.Build.0 = Release|x86
		{D5C04D20-9576-4FA1-9CFB-8DADE73845A5}.Ad-Hoc|iPhone.Deploy.0 = Release|x86
		{D5C04D20-9576-4FA1-9CFB-8DADE73845A5}.Ad-Hoc|iPhoneSimulator.ActiveCfg = Release|x86
		{D5C04D20-9576-4FA1-9CFB-8DADE73845A5}.Ad-Hoc|iPhoneSimulator.Build.0 = Release|x86
		{D5C04D20-9576-4FA1-9CFB-8DADE73845A5}.Ad-Hoc|iPhoneSimulator.Deploy.0 = Release|x86
		{D5C04D20-9576-4FA1-9CFB-8DADE73845A5}.Ad-Hoc|x64.ActiveCfg = Release|x64
		{D5C04D20-9576-4FA1-9CFB-8DADE73845A5}.Ad-Hoc|x64.Build.0 = Release|x64
		{D5C04D20-9576-4FA1-9CFB-8DADE73845A5}.Ad-Hoc|x64.Deploy.0 = Release|x64
		{D5C04D20-9576-4FA1-9CFB-8DADE73845A5}.Ad-Hoc|x86.ActiveCfg = Release|x86
		{D5C04D20-9576-4FA1-9CFB-8DADE73845A5}.Ad-Hoc|x86.Build.0 = Release|x86
		{D5C04D20-9576-4FA1-9CFB-8DADE73845A5}.Ad-Hoc|x86.Deploy.0 = Release|x86
		{D5C04D20-9576-4FA1-9CFB-8DADE73845A5}.AppStore|Any CPU.ActiveCfg = Release|x86
		{D5C04D20-9576-4FA1-9CFB-8DADE73845A5}.AppStore|Any CPU.Build.0 = Release|x86
		{D5C04D20-9576-4FA1-9CFB-8DADE73845A5}.AppStore|Any CPU.Deploy.0 = Release|x86
		{D5C04D20-9576-4FA1-9CFB-8DADE73845A5}.AppStore|ARM.ActiveCfg = Release|ARM
		{D5C04D20-9576-4FA1-9CFB-8DADE73845A5}.AppStore|ARM.Build.0 = Release|ARM
		{D5C04D20-9576-4FA1-9CFB-8DADE73845A5}.AppStore|ARM.Deploy.0 = Release|ARM
		{D5C04D20-9576-4FA1-9CFB-8DADE73845A5}.AppStore|iPhone.ActiveCfg = Release|x86
		{D5C04D20-9576-4FA1-9CFB-8DADE73845A5}.AppStore|iPhone.Build.0 = Release|x86
		{D5C04D20-9576-4FA1-9CFB-8DADE73845A5}.AppStore|iPhone.Deploy.0 = Release|x86
		{D5C04D20-9576-4FA1-9CFB-8DADE73845A5}.AppStore|iPhoneSimulator.ActiveCfg = Release|x86
		{D5C04D20-9576-4FA1-9CFB-8DADE73845A5}.AppStore|iPhoneSimulator.Build.0 = Release|x86
		{D5C04D20-9576-4FA1-9CFB-8DADE73845A5}.AppStore|iPhoneSimulator.Deploy.0 = Release|x86
		{D5C04D20-9576-4FA1-9CFB-8DADE73845A5}.AppStore|x64.ActiveCfg = Release|x64
		{D5C04D20-9576-4FA1-9CFB-8DADE73845A5}.AppStore|x64.Build.0 = Release|x64
		{D5C04D20-9576-4FA1-9CFB-8DADE73845A5}.AppStore|x64.Deploy.0 = Release|x64
		{D5C04D20-9576-4FA1-9CFB-8DADE73845A5}.AppStore|x86.ActiveCfg = Release|x86
		{D5C04D20-9576-4FA1-9CFB-8DADE73845A5}.AppStore|x86.Build.0 = Release|x86
		{D5C04D20-9576-4FA1-9CFB-8DADE73845A5}.AppStore|x86.Deploy.0 = Release|x86
		{D5C04D20-9576-4FA1-9CFB-8DADE73845A5}.Debug|Any CPU.ActiveCfg = Debug|x86
		{D5C04D20-9576-4FA1-9CFB-8DADE73845A5}.Debug|ARM.ActiveCfg = Debug|ARM
		{D5C04D20-9576-4FA1-9CFB-8DADE73845A5}.Debug|ARM.Build.0 = Debug|ARM
		{D5C04D20-9576-4FA1-9CFB-8DADE73845A5}.Debug|ARM.Deploy.0 = Debug|ARM
		{D5C04D20-9576-4FA1-9CFB-8DADE73845A5}.Debug|iPhone.ActiveCfg = Debug|x86
		{D5C04D20-9576-4FA1-9CFB-8DADE73845A5}.Debug|iPhoneSimulator.ActiveCfg = Debug|x86
		{D5C04D20-9576-4FA1-9CFB-8DADE73845A5}.Debug|x64.ActiveCfg = Debug|x64
		{D5C04D20-9576-4FA1-9CFB-8DADE73845A5}.Debug|x64.Build.0 = Debug|x64
		{D5C04D20-9576-4FA1-9CFB-8DADE73845A5}.Debug|x64.Deploy.0 = Debug|x64
		{D5C04D20-9576-4FA1-9CFB-8DADE73845A5}.Debug|x86.ActiveCfg = Debug|x86
		{D5C04D20-9576-4FA1-9CFB-8DADE73845A5}.Debug|x86.Build.0 = Debug|x86
		{D5C04D20-9576-4FA1-9CFB-8DADE73845A5}.Debug|x86.Deploy.0 = Debug|x86
		{D5C04D20-9576-4FA1-9CFB-8DADE73845A5}.Release|Any CPU.ActiveCfg = Release|x86
		{D5C04D20-9576-4FA1-9CFB-8DADE73845A5}.Release|ARM.ActiveCfg = Release|ARM
		{D5C04D20-9576-4FA1-9CFB-8DADE73845A5}.Release|ARM.Build.0 = Release|ARM
		{D5C04D20-9576-4FA1-9CFB-8DADE73845A5}.Release|ARM.Deploy.0 = Release|ARM
		{D5C04D20-9576-4FA1-9CFB-8DADE73845A5}.Release|iPhone.ActiveCfg = Release|x86
		{D5C04D20-9576-4FA1-9CFB-8DADE73845A5}.Release|iPhoneSimulator.ActiveCfg = Release|x86
		{D5C04D20-9576-4FA1-9CFB-8DADE73845A5}.Release|x64.ActiveCfg = Release|x64
		{D5C04D20-9576-4FA1-9CFB-8DADE73845A5}.Release|x64.Build.0 = Release|x64
		{D5C04D20-9576-4FA1-9CFB-8DADE73845A5}.Release|x64.Deploy.0 = Release|x64
		{D5C04D20-9576-4FA1-9CFB-8DADE73845A5}.Release|x86.ActiveCfg = Release|x86
		{D5C04D20-9576-4FA1-9CFB-8DADE73845A5}.Release|x86.Build.0 = Release|x86
		{D5C04D20-9576-4FA1-9CFB-8DADE73845A5}.Release|x86.Deploy.0 = Release|x86
		{034A5DB4-44C9-4998-AF40-5305EE8B605B}.Ad-Hoc|Any CPU.ActiveCfg = Ad-Hoc|iPhone
		{034A5DB4-44C9-4998-AF40-5305EE8B605B}.Ad-Hoc|ARM.ActiveCfg = Ad-Hoc|iPhone
		{034A5DB4-44C9-4998-AF40-5305EE8B605B}.Ad-Hoc|iPhone.ActiveCfg = Ad-Hoc|iPhone
		{034A5DB4-44C9-4998-AF40-5305EE8B605B}.Ad-Hoc|iPhone.Build.0 = Ad-Hoc|iPhone
		{034A5DB4-44C9-4998-AF40-5305EE8B605B}.Ad-Hoc|iPhoneSimulator.ActiveCfg = Ad-Hoc|iPhoneSimulator
		{034A5DB4-44C9-4998-AF40-5305EE8B605B}.Ad-Hoc|iPhoneSimulator.Build.0 = Ad-Hoc|iPhoneSimulator
		{034A5DB4-44C9-4998-AF40-5305EE8B605B}.Ad-Hoc|x64.ActiveCfg = Ad-Hoc|iPhone
		{034A5DB4-44C9-4998-AF40-5305EE8B605B}.Ad-Hoc|x86.ActiveCfg = Ad-Hoc|iPhone
		{034A5DB4-44C9-4998-AF40-5305EE8B605B}.AppStore|Any CPU.ActiveCfg = AppStore|iPhone
		{034A5DB4-44C9-4998-AF40-5305EE8B605B}.AppStore|ARM.ActiveCfg = AppStore|iPhone
		{034A5DB4-44C9-4998-AF40-5305EE8B605B}.AppStore|iPhone.ActiveCfg = AppStore|iPhone
		{034A5DB4-44C9-4998-AF40-5305EE8B605B}.AppStore|iPhone.Build.0 = AppStore|iPhone
		{034A5DB4-44C9-4998-AF40-5305EE8B605B}.AppStore|iPhoneSimulator.ActiveCfg = AppStore|iPhoneSimulator
		{034A5DB4-44C9-4998-AF40-5305EE8B605B}.AppStore|iPhoneSimulator.Build.0 = AppStore|iPhoneSimulator
		{034A5DB4-44C9-4998-AF40-5305EE8B605B}.AppStore|x64.ActiveCfg = AppStore|iPhone
		{034A5DB4-44C9-4998-AF40-5305EE8B605B}.AppStore|x86.ActiveCfg = AppStore|iPhone
		{034A5DB4-44C9-4998-AF40-5305EE8B605B}.Debug|Any CPU.ActiveCfg = Debug|iPhone
		{034A5DB4-44C9-4998-AF40-5305EE8B605B}.Debug|ARM.ActiveCfg = Debug|iPhone
		{034A5DB4-44C9-4998-AF40-5305EE8B605B}.Debug|iPhone.ActiveCfg = Debug|iPhone
		{034A5DB4-44C9-4998-AF40-5305EE8B605B}.Debug|iPhone.Build.0 = Debug|iPhone
		{034A5DB4-44C9-4998-AF40-5305EE8B605B}.Debug|iPhoneSimulator.ActiveCfg = Debug|iPhoneSimulator
		{034A5DB4-44C9-4998-AF40-5305EE8B605B}.Debug|iPhoneSimulator.Build.0 = Debug|iPhoneSimulator
		{034A5DB4-44C9-4998-AF40-5305EE8B605B}.Debug|x64.ActiveCfg = Debug|iPhone
		{034A5DB4-44C9-4998-AF40-5305EE8B605B}.Debug|x86.ActiveCfg = Debug|iPhone
		{034A5DB4-44C9-4998-AF40-5305EE8B605B}.Release|Any CPU.ActiveCfg = Release|iPhone
		{034A5DB4-44C9-4998-AF40-5305EE8B605B}.Release|ARM.ActiveCfg = Release|iPhone
		{034A5DB4-44C9-4998-AF40-5305EE8B605B}.Release|iPhone.ActiveCfg = Release|iPhone
		{034A5DB4-44C9-4998-AF40-5305EE8B605B}.Release|iPhone.Build.0 = Release|iPhone
		{034A5DB4-44C9-4998-AF40-5305EE8B605B}.Release|iPhoneSimulator.ActiveCfg = Release|iPhoneSimulator
		{034A5DB4-44C9-4998-AF40-5305EE8B605B}.Release|iPhoneSimulator.Build.0 = Release|iPhoneSimulator
		{034A5DB4-44C9-4998-AF40-5305EE8B605B}.Release|x64.ActiveCfg = Release|iPhone
		{034A5DB4-44C9-4998-AF40-5305EE8B605B}.Release|x86.ActiveCfg = Release|iPhone
	EndGlobalSection
	GlobalSection(SolutionProperties) = preSolution
		HideSolutionNode = FALSE
	EndGlobalSection
EndGlobal
